{
  "name": "vulnsweep",
  "version": "1.3.6",
  "lockfileVersion": 3,
  "requires": true,
  "packages": {
    "": {
      "name": "vulnsweep",
      "version": "1.3.6",
      "os": [
        "win32",
        "linux",
        "darwin"
      ],
      "dependencies": {
        "secure-ls": "^2.0.0",
        "systeminformation": "^5.31.6"
      },
      "bin": {
        "vulnsweep": "vulnsweep.js"
      },
      "engines": {
        "node": ">=18.0.0"
      }
    },
    "node_modules/crypto-js": {
      "version": "4.2.0",
      "resolved": "https://registry.npmjs.org/crypto-js/-/crypto-js-4.2.0.tgz",
      "integrity": "sha512-KALDyEYgpY+Rlob/iriUtjV6d5Eq+Y191A5g4UqLAi8CyGP9N1+FdVbkc1SxKc2r4YAYqG8JzO2KGL+AizD70Q==",
      "license": "MIT"
    },
    "node_modules/lz-string": {
      "version": "1.5.0",
      "resolved": "https://registry.npmjs.org/lz-string/-/lz-string-1.5.0.tgz",
      "integrity": "sha512-h5bgJWpxJNswbU7qCrV0tIKQCaS3blPDrqKWx+QxzuzL1zGUzij9XCWLrSLsJPu5t+eWA/ycetzYAO5IOMcWAQ==",
      "license": "MIT",
      "bin": {
        "lz-string": "bin/bin.js"
      }
    },
    "node_modules/secure-ls": {
      "version": "2.0.0",
      "resolved": "https://registry.npmjs.org/secure-ls/-/secure-ls-2.0.0.tgz",
      "integrity": "sha512-Wgtnw0QSm0v7gVKv11nOoeyGS65EThGXnBB7jfd4IhZd2eq3B4AMPcXAL5qJ1h55+Qolun7TONTwX7H5m6e2pQ==",
      "license": "MIT",
      "dependencies": {
        "crypto-js": "^4.2.0",
        "lz-string": "^1.5.0"
      },
      "engines": {
        "node": ">=8.0"
      }
    },
    "node_modules/systeminformation": {
      "version": "5.31.11",
      "resolved": "https://registry.npmjs.org/systeminformation/-/systeminformation-5.31.11.tgz",
      "integrity": "sha512-I6O7iaUj23AXRgCPDDnvi3xHvdOLp4+1YMbF+X194lJwY1NeWojgHJPhslVKcmTtrLTguRk3QJK+xEdTiI3P0w==",
      "license": "MIT",
      "os": [
        "darwin",
        "linux",
        "win32",
        "freebsd",
        "openbsd",
        "netbsd",
        "sunos",
        "android"
      ],
      "bin": {
        "systeminformation": "lib/cli.js"
      },
      "engines": {
        "node": ">=8.0.0"
      },
      "funding": {
        "type": "Buy me a coffee",
        "url": "https://www.buymeacoffee.com/systeminfo"
      }
    }
  }
}
